
Microsoft Visual Studio Solution File, Format Version 12.00
# Visual Studio 15
VisualStudioVersion = 15.0.28307.1738
MinimumVisualStudioVersion = 10.0.40219.1
Project("{FAE04EC0-301F-11D3-BF4B-00C04F79EFBC}") = "AES Encrypt Decrypt", "AES Encrypt Decrypt.csproj", "{9525846E-213A-44DC-B7FB-F0CD9D074F71}"
EndProject
Global
	GlobalSection(SolutionConfigurationPlatforms) = preSolution
		Debug|Any CPU = Debug|Any CPU
		Release|Any CPU = Release|Any CPU
	EndGlobalSection
	GlobalSection(ProjectConfigurationPlatforms) = postSolution
		{9525846E-213A-44DC-B7FB-F0CD9D074F71}.Debug|Any CPU.ActiveCfg = Debug|Any CPU
		{9525846E-213A-44DC-B7FB-F0CD9D074F71}.Debug|Any CPU.Build.0 = Debug|Any CPU
		{9525846E-213A-44DC-B7FB-F0CD9D074F71}.Release|Any CPU.ActiveCfg = Release|Any CPU
		{9525846E-213A-44DC-B7FB-F0CD9D074F71}.Release|Any CPU.Build.0 = Release|Any CPU
	EndGlobalSection
	GlobalSection(SolutionProperties) = preSolution
		HideSolutionNode = FALSE
	EndGlobalSection
	GlobalSection(ExtensibilityGlobals) = postSolution
		SolutionGuid = {C690E005-E498-4A47-843E-362028A952F6}
	EndGlobalSection
EndGlobal
